{
  "name": "rayyan-package",
  "version": "1.0.2",
  "lockfileVersion": 3,
  "requires": true,
  "packages": {
    "": {
      "name": "rayyan-package",
      "version": "1.0.2",
      "license": "ISC",
      "dependencies": {
        "rayyan-package": "^1.0.0"
      }
    },
    "node_modules/rayyan-package": {
      "version": "1.0.0",
      "resolved": "https://registry.npmjs.org/rayyan-package/-/rayyan-package-1.0.0.tgz",
      "integrity": "sha512-fKK68YCBGZ716b1iRm7jSKD+bMFTdWU+SXYXdvi65Ymp2cx35Egm5jyGtTSaGnNLUDtde/YWde8c2w2m78VugQ==",
      "license": "ISC"
    }
  }
}
